
Microsoft Visual Studio Solution File, Format Version 12.00
# Visual Studio 15
VisualStudioVersion = 15.0.28307.1000
MinimumVisualStudioVersion = 10.0.40219.1
Project("{FAE04EC0-301F-11D3-BF4B-00C04F79EFBC}") = "Final", "Final\Final.csproj", "{1440A0AD-3CBA-4832-BFDA-67C24DD2BC08}"
EndProject
Project("{FAE04EC0-301F-11D3-BF4B-00C04F79EFBC}") = "AutomationInfrastructure", "AutomationService\AutomationInfrastructure.csproj", "{922A54F7-0EAE-48D4-BA21-F875DB53834B}"
EndProject
Project("{FAE04EC0-301F-11D3-BF4B-00C04F79EFBC}") = "AutomationTests", "AutomationServiceTest\AutomationTests.csproj", "{F108F4FC-1CF9-42AC-800E-84DB6EC45B45}"
EndProject
Global
	GlobalSection(SolutionConfigurationPlatforms) = preSolution
		Debug|Any CPU = Debug|Any CPU
		Release|Any CPU = Release|Any CPU
	EndGlobalSection
	GlobalSection(ProjectConfigurationPlatforms) = postSolution
		{1440A0AD-3CBA-4832-BFDA-67C24DD2BC08}.Debug|Any CPU.ActiveCfg = Debug|Any CPU
		{1440A0AD-3CBA-4832-BFDA-67C24DD2BC08}.Debug|Any CPU.Build.0 = Debug|Any CPU
		{1440A0AD-3CBA-4832-BFDA-67C24DD2BC08}.Release|Any CPU.ActiveCfg = Release|Any CPU
		{1440A0AD-3CBA-4832-BFDA-67C24DD2BC08}.Release|Any CPU.Build.0 = Release|Any CPU
		{922A54F7-0EAE-48D4-BA21-F875DB53834B}.Debug|Any CPU.ActiveCfg = Debug|Any CPU
		{922A54F7-0EAE-48D4-BA21-F875DB53834B}.Debug|Any CPU.Build.0 = Debug|Any CPU
		{922A54F7-0EAE-48D4-BA21-F875DB53834B}.Release|Any CPU.ActiveCfg = Release|Any CPU
		{922A54F7-0EAE-48D4-BA21-F875DB53834B}.Release|Any CPU.Build.0 = Release|Any CPU
		{F108F4FC-1CF9-42AC-800E-84DB6EC45B45}.Debug|Any CPU.ActiveCfg = Debug|Any CPU
		{F108F4FC-1CF9-42AC-800E-84DB6EC45B45}.Debug|Any CPU.Build.0 = Debug|Any CPU
		{F108F4FC-1CF9-42AC-800E-84DB6EC45B45}.Release|Any CPU.ActiveCfg = Release|Any CPU
		{F108F4FC-1CF9-42AC-800E-84DB6EC45B45}.Release|Any CPU.Build.0 = Release|Any CPU
	EndGlobalSection
	GlobalSection(SolutionProperties) = preSolution
		HideSolutionNode = FALSE
	EndGlobalSection
	GlobalSection(ExtensibilityGlobals) = postSolution
		SolutionGuid = {E5D2076A-0539-4892-91F5-74D04FBC9028}
	EndGlobalSection
EndGlobal
